# THIS IS AN AUTOGENERATED FILE. DO NOT EDIT THIS FILE DIRECTLY.
# yarn lockfile v1

"@babel/code-frame@^7.12.13", "@babel/code-frame@^7.14.5", "@babel/code-frame@^7.16.7":
  version "7.16.7"
  resolved "https://registry.yarnpkg.com/@babel/code-frame/-/code-frame-7.16.7.tgz#00132a3479b9430d951e4bcab552cfb2747c6849"
  integrity sha512-27DVfF8khmd0y72rOg/3DwTc7OLkpy+dAO27tTtS0k2qAvrVIk2JDEgChxlFmcKr+uDKD3StTEviE+kjsKBROA==
  dependencies:
    "@babel/highlight" "^7.16.7"

# Additional lines for other dependencies...
